
Microsoft Visual Studio Solution File, Format Version 12.00
# Visual Studio Version 17
VisualStudioVersion = 17.8.34525.116
MinimumVisualStudioVersion = 10.0.40219.1
Project("{9A19103F-16F7-4668-BE54-9A1E7A4F7556}") = "BBMS", "BBMS.csproj", "{6A3E1BE0-7DDC-4C3A-BD0A-A521076B727E}"
EndProject
Project("{54435603-DBB4-11D2-8724-00A0C9A8B90C}") = "BBMS Setup", "..\BBMS Setup\BBMS Setup.vdproj", "{4711C83F-7C27-4C8C-B5FE-448581E2A0E8}"
EndProject
Global
	GlobalSection(SolutionConfigurationPlatforms) = preSolution
		All|Any CPU = All|Any CPU
		Debug|Any CPU = Debug|Any CPU
		Release|Any CPU = Release|Any CPU
	EndGlobalSection
	GlobalSection(ProjectConfigurationPlatforms) = postSolution
		{6A3E1BE0-7DDC-4C3A-BD0A-A521076B727E}.All|Any CPU.ActiveCfg = Release|Any CPU
		{6A3E1BE0-7DDC-4C3A-BD0A-A521076B727E}.All|Any CPU.Build.0 = Release|Any CPU
		{6A3E1BE0-7DDC-4C3A-BD0A-A521076B727E}.Debug|Any CPU.ActiveCfg = Debug|Any CPU
		{6A3E1BE0-7DDC-4C3A-BD0A-A521076B727E}.Debug|Any CPU.Build.0 = Debug|Any CPU
		{6A3E1BE0-7DDC-4C3A-BD0A-A521076B727E}.Release|Any CPU.ActiveCfg = Release|Any CPU
		{6A3E1BE0-7DDC-4C3A-BD0A-A521076B727E}.Release|Any CPU.Build.0 = Release|Any CPU
		{4711C83F-7C27-4C8C-B5FE-448581E2A0E8}.All|Any CPU.ActiveCfg = Debug
		{4711C83F-7C27-4C8C-B5FE-448581E2A0E8}.Debug|Any CPU.ActiveCfg = Debug
		{4711C83F-7C27-4C8C-B5FE-448581E2A0E8}.Release|Any CPU.ActiveCfg = Release
	EndGlobalSection
	GlobalSection(SolutionProperties) = preSolution
		HideSolutionNode = FALSE
	EndGlobalSection
	GlobalSection(ExtensibilityGlobals) = postSolution
		SolutionGuid = {90B6907C-F6E6-4ED8-9CD2-D55CD705FD52}
	EndGlobalSection
EndGlobal
